
Microsoft Visual Studio Solution File, Format Version 12.00
# Visual Studio 15
VisualStudioVersion = 15.0.27428.2043
MinimumVisualStudioVersion = 10.0.40219.1
Project("{FAE04EC0-301F-11D3-BF4B-00C04F79EFBC}") = "RestaurantReviewConsole", "RestaurantReviewConsole\RestaurantReviewConsole.csproj", "{6845C0AB-D989-4113-A391-CF2B84FC4165}"
EndProject
Project("{FAE04EC0-301F-11D3-BF4B-00C04F79EFBC}") = "RestaurantReviewLibrary", "RestaurantReviewLibrary\RestaurantReviewLibrary.csproj", "{D0154E67-F354-4ACC-9D75-4731CC72C0D0}"
EndProject
Project("{FAE04EC0-301F-11D3-BF4B-00C04F79EFBC}") = "RestaurantReviewData", "RestaurantReviewData\RestaurantReviewData.csproj", "{A6B6C7C8-852A-4CF8-8B6C-48FF8F27DC25}"
EndProject
Project("{FAE04EC0-301F-11D3-BF4B-00C04F79EFBC}") = "RestaurantReviewLibraryTests", "RestaurantReviewLibraryTests\RestaurantReviewLibraryTests.csproj", "{0FDB49B2-278B-4F02-AEAC-2EA414641D9F}"
EndProject
Global
	GlobalSection(SolutionConfigurationPlatforms) = preSolution
		Debug|Any CPU = Debug|Any CPU
		Release|Any CPU = Release|Any CPU
	EndGlobalSection
	GlobalSection(ProjectConfigurationPlatforms) = postSolution
		{6845C0AB-D989-4113-A391-CF2B84FC4165}.Debug|Any CPU.ActiveCfg = Debug|Any CPU
		{6845C0AB-D989-4113-A391-CF2B84FC4165}.Debug|Any CPU.Build.0 = Debug|Any CPU
		{6845C0AB-D989-4113-A391-CF2B84FC4165}.Release|Any CPU.ActiveCfg = Release|Any CPU
		{6845C0AB-D989-4113-A391-CF2B84FC4165}.Release|Any CPU.Build.0 = Release|Any CPU
		{D0154E67-F354-4ACC-9D75-4731CC72C0D0}.Debug|Any CPU.ActiveCfg = Debug|Any CPU
		{D0154E67-F354-4ACC-9D75-4731CC72C0D0}.Debug|Any CPU.Build.0 = Debug|Any CPU
		{D0154E67-F354-4ACC-9D75-4731CC72C0D0}.Release|Any CPU.ActiveCfg = Release|Any CPU
		{D0154E67-F354-4ACC-9D75-4731CC72C0D0}.Release|Any CPU.Build.0 = Release|Any CPU
		{A6B6C7C8-852A-4CF8-8B6C-48FF8F27DC25}.Debug|Any CPU.ActiveCfg = Debug|Any CPU
		{A6B6C7C8-852A-4CF8-8B6C-48FF8F27DC25}.Debug|Any CPU.Build.0 = Debug|Any CPU
		{A6B6C7C8-852A-4CF8-8B6C-48FF8F27DC25}.Release|Any CPU.ActiveCfg = Release|Any CPU
		{A6B6C7C8-852A-4CF8-8B6C-48FF8F27DC25}.Release|Any CPU.Build.0 = Release|Any CPU
		{0FDB49B2-278B-4F02-AEAC-2EA414641D9F}.Debug|Any CPU.ActiveCfg = Debug|Any CPU
		{0FDB49B2-278B-4F02-AEAC-2EA414641D9F}.Debug|Any CPU.Build.0 = Debug|Any CPU
		{0FDB49B2-278B-4F02-AEAC-2EA414641D9F}.Release|Any CPU.ActiveCfg = Release|Any CPU
		{0FDB49B2-278B-4F02-AEAC-2EA414641D9F}.Release|Any CPU.Build.0 = Release|Any CPU
	EndGlobalSection
	GlobalSection(SolutionProperties) = preSolution
		HideSolutionNode = FALSE
	EndGlobalSection
	GlobalSection(ExtensibilityGlobals) = postSolution
		SolutionGuid = {0FEA9B8D-8FFE-467B-9665-E43B3ABC7D55}
	EndGlobalSection
EndGlobal
